
Microsoft Visual Studio Solution File, Format Version 12.00
# Visual Studio Version 17
VisualStudioVersion = 17.10.35122.118
MinimumVisualStudioVersion = 10.0.40219.1
Project("{FAE04EC0-301F-11D3-BF4B-00C04F79EFBC}") = "BackEndApp", "BackEndApp\BackEndApp.csproj", "{D9B5BD44-6845-4060-AC2F-12695C74FB6C}"
EndProject
Global
	GlobalSection(SolutionConfigurationPlatforms) = preSolution
		Debug|Any CPU = Debug|Any CPU
		Release|Any CPU = Release|Any CPU
	EndGlobalSection
	GlobalSection(ProjectConfigurationPlatforms) = postSolution
		{D9B5BD44-6845-4060-AC2F-12695C74FB6C}.Debug|Any CPU.ActiveCfg = Debug|Any CPU
		{D9B5BD44-6845-4060-AC2F-12695C74FB6C}.Debug|Any CPU.Build.0 = Debug|Any CPU
		{D9B5BD44-6845-4060-AC2F-12695C74FB6C}.Release|Any CPU.ActiveCfg = Release|Any CPU
		{D9B5BD44-6845-4060-AC2F-12695C74FB6C}.Release|Any CPU.Build.0 = Release|Any CPU
	EndGlobalSection
	GlobalSection(SolutionProperties) = preSolution
		HideSolutionNode = FALSE
	EndGlobalSection
	GlobalSection(ExtensibilityGlobals) = postSolution
		SolutionGuid = {80377A52-AE9C-43BC-A383-9C6FF289882C}
	EndGlobalSection
EndGlobal
